Microsoft Visual Studio Solution File, Format Version 11.00
# Visual Studio 2008

Project("{24E1466E-8056-F918-D166-0E2B81E98083}") = "TimeToBBBBuild", "Assembly-CSharp.csproj", "{F7D43DDA-664A-1F6E-3815-1717EEB08EA4}"
EndProject
Project("{24E1466E-8056-F918-D166-0E2B81E98083}") = "TimeToBBBBuild", "Assembly-CSharp-Editor.csproj", "{9A411C9A-0D09-59AB-5984-9FA577165B3F}"
EndProject
Project("{24E1466E-8056-F918-D166-0E2B81E98083}") = "TimeToBBBBuild", "Assembly-Boo-Editor.booproj", "{BDB4AE09-6FA4-F7C2-5278-5A87F464EB61}"
EndProject
Project("{24E1466E-8056-F918-D166-0E2B81E98083}") = "TimeToBBBBuild", "Assembly-UnityScript.unityproj", "{DEC0A6CD-C0D3-1A07-45CD-BFE06222C5B1}"
EndProject
Project("{24E1466E-8056-F918-D166-0E2B81E98083}") = "TimeToBBBBuild", "Assembly-UnityScript-Editor.unityproj", "{1C20C457-7E6B-6351-EA72-35FCECC62DDB}"
EndProject
Global
	GlobalSection(SolutionConfigurationPlatforms) = preSolution
		Debug|Any CPU = Debug|Any CPU
		Release|Any CPU = Release|Any CPU
	EndGlobalSection
	GlobalSection(ProjectConfigurationPlatforms) = postSolution
		{F7D43DDA-664A-1F6E-3815-1717EEB08EA4}.Debug|Any CPU.ActiveCfg = Debug|Any CPU
		{F7D43DDA-664A-1F6E-3815-1717EEB08EA4}.Debug|Any CPU.Build.0 = Debug|Any CPU
		{F7D43DDA-664A-1F6E-3815-1717EEB08EA4}.Release|Any CPU.ActiveCfg = Release|Any CPU
		{F7D43DDA-664A-1F6E-3815-1717EEB08EA4}.Release|Any CPU.Build.0 = Release|Any CPU
		{9A411C9A-0D09-59AB-5984-9FA577165B3F}.Debug|Any CPU.ActiveCfg = Debug|Any CPU
		{9A411C9A-0D09-59AB-5984-9FA577165B3F}.Debug|Any CPU.Build.0 = Debug|Any CPU
		{9A411C9A-0D09-59AB-5984-9FA577165B3F}.Release|Any CPU.ActiveCfg = Release|Any CPU
		{9A411C9A-0D09-59AB-5984-9FA577165B3F}.Release|Any CPU.Build.0 = Release|Any CPU
		{BDB4AE09-6FA4-F7C2-5278-5A87F464EB61}.Debug|Any CPU.ActiveCfg = Debug|Any CPU
		{BDB4AE09-6FA4-F7C2-5278-5A87F464EB61}.Debug|Any CPU.Build.0 = Debug|Any CPU
		{BDB4AE09-6FA4-F7C2-5278-5A87F464EB61}.Release|Any CPU.ActiveCfg = Release|Any CPU
		{BDB4AE09-6FA4-F7C2-5278-5A87F464EB61}.Release|Any CPU.Build.0 = Release|Any CPU
		{DEC0A6CD-C0D3-1A07-45CD-BFE06222C5B1}.Debug|Any CPU.ActiveCfg = Debug|Any CPU
		{DEC0A6CD-C0D3-1A07-45CD-BFE06222C5B1}.Debug|Any CPU.Build.0 = Debug|Any CPU
		{DEC0A6CD-C0D3-1A07-45CD-BFE06222C5B1}.Release|Any CPU.ActiveCfg = Release|Any CPU
		{DEC0A6CD-C0D3-1A07-45CD-BFE06222C5B1}.Release|Any CPU.Build.0 = Release|Any CPU
		{1C20C457-7E6B-6351-EA72-35FCECC62DDB}.Debug|Any CPU.ActiveCfg = Debug|Any CPU
		{1C20C457-7E6B-6351-EA72-35FCECC62DDB}.Debug|Any CPU.Build.0 = Debug|Any CPU
		{1C20C457-7E6B-6351-EA72-35FCECC62DDB}.Release|Any CPU.ActiveCfg = Release|Any CPU
		{1C20C457-7E6B-6351-EA72-35FCECC62DDB}.Release|Any CPU.Build.0 = Release|Any CPU
	EndGlobalSection
	GlobalSection(SolutionProperties) = preSolution
		HideSolutionNode = FALSE
	EndGlobalSection
																																																											GlobalSection(MonoDevelopProperties) = preSolution
		StartupItem = Assembly-CSharp.csproj
		Policies = $0
		$0.TextStylePolicy = $1
		$1.inheritsSet = null
		$1.scope = text/x-csharp
		$0.CSharpFormattingPolicy = $2
		$2.inheritsSet = Mono
		$2.inheritsScope = text/x-csharp
		$2.scope = text/x-csharp
		$0.TextStylePolicy = $3
		$3.FileWidth = 120
		$3.TabWidth = 4
		$3.EolMarker = Unix
		$3.inheritsSet = Mono
		$3.inheritsScope = text/plain
		$3.scope = text/plain
	EndGlobalSection

EndGlobal
